Microsoft Visual Studio Solution File, Format Version 8.00
Project("{8BC9CEB8-8B4A-11D0-8D11-00A0C91BC942}") = "FZS Interface", "Interface\FileZilla Server Interface.vcproj", "{516E796E-D29F-4340-9327-FACC9E45C828}"
	ProjectSection(ProjectDependencies) = postProject
	EndProjectSection
EndProject
Project("{8BC9CEB8-8B4A-11D0-8D11-00A0C91BC942}") = "GFtp", "GFtp\GFtp.vcproj", "{A2E3502F-BFBE-4E9C-B1F1-5DDB5307413F}"
	ProjectSection(ProjectDependencies) = postProject
	EndProjectSection
EndProject
Project("{8BC9CEB8-8B4A-11D0-8D11-00A0C91BC942}") = "Service", "FileZilla server.vcproj", "{45702DF1-B087-4692-9E2A-2F65133A7539}"
	ProjectSection(ProjectDependencies) = postProject
	EndProjectSection
EndProject
Global
	GlobalSection(SolutionConfiguration) = preSolution
		Compat Debug = Compat Debug
		Debug = Debug
		Memcheck = Memcheck
		Release = Release
	EndGlobalSection
	GlobalSection(ProjectConfiguration) = postSolution
		{516E796E-D29F-4340-9327-FACC9E45C828}.Compat Debug.ActiveCfg = Debug|Win32
		{516E796E-D29F-4340-9327-FACC9E45C828}.Debug.ActiveCfg = Debug|Win32
		{516E796E-D29F-4340-9327-FACC9E45C828}.Debug.Build.0 = Debug|Win32
		{516E796E-D29F-4340-9327-FACC9E45C828}.Memcheck.ActiveCfg = Memcheck|Win32
		{516E796E-D29F-4340-9327-FACC9E45C828}.Release.ActiveCfg = Release|Win32
		{516E796E-D29F-4340-9327-FACC9E45C828}.Release.Build.0 = Release|Win32
		{A2E3502F-BFBE-4E9C-B1F1-5DDB5307413F}.Compat Debug.ActiveCfg = Debug|Win32
		{A2E3502F-BFBE-4E9C-B1F1-5DDB5307413F}.Debug.ActiveCfg = Debug|Win32
		{A2E3502F-BFBE-4E9C-B1F1-5DDB5307413F}.Memcheck.ActiveCfg = Release|Win32
		{A2E3502F-BFBE-4E9C-B1F1-5DDB5307413F}.Release.ActiveCfg = Release|Win32
		{A2E3502F-BFBE-4E9C-B1F1-5DDB5307413F}.Release.Build.0 = Release|Win32
		{45702DF1-B087-4692-9E2A-2F65133A7539}.Compat Debug.ActiveCfg = Compat Debug|Win32
		{45702DF1-B087-4692-9E2A-2F65133A7539}.Compat Debug.Build.0 = Compat Debug|Win32
		{45702DF1-B087-4692-9E2A-2F65133A7539}.Debug.ActiveCfg = Debug|Win32
		{45702DF1-B087-4692-9E2A-2F65133A7539}.Memcheck.ActiveCfg = Memcheck|Win32
		{45702DF1-B087-4692-9E2A-2F65133A7539}.Memcheck.Build.0 = Memcheck|Win32
		{45702DF1-B087-4692-9E2A-2F65133A7539}.Release.ActiveCfg = Release|Win32
		{45702DF1-B087-4692-9E2A-2F65133A7539}.Release.Build.0 = Release|Win32
	EndGlobalSection
	GlobalSection(ExtensibilityGlobals) = postSolution
	EndGlobalSection
	GlobalSection(ExtensibilityAddIns) = postSolution
	EndGlobalSection
EndGlobal
